// !$*UTF8*$!
{
	archiveVersion = 1;
	classes = {
	};
	objectVersion = 77;
	objects = {

/* Begin PBXContainerItemProxy section */
		FC3560BA3014FD1C00A37D42 /* PBXContainerItemProxy */ = {
			isa = PBXContainerItemProxy;
			containerPortal = FC3560A43014FD1B00A37D42 /* Project object */;
			proxyType = 1;
			remoteGlobalIDString = FC3560AB3014FD1B00A37D42;
			remoteInfo = SwiftUIOnBoardingAnimation;
		};
		FC3560C43014FD1C00A37D42 /* PBXContainerItemProxy */ = {
			isa = PBXContainerItemProxy;
			containerPortal = FC3560A43014FD1B00A37D42 /* Project object */;
			proxyType = 1;
			remoteGlobalIDString = FC3560AB3014FD1B00A37D42;
			remoteInfo = SwiftUIOnBoardingAnimation;
		};
/* End PBXContainerItemProxy section */

/* Begin PBXFileReference section */
		FC3560AC3014FD1B00A37D42 /* SwiftUIOnBoardingAnimation.app */ = {isa = PBXFileReference; explicitFileType = wrapper.application; includeInIndex = 0; path = SwiftUIOnBoardingAnimation.app; sourceTree = BUILT_PRODUCTS_DIR; };
		FC3560B93014FD1C00A37D42 /* SwiftUIOnBoardingAnimationTests.xctest */ = {isa = PBXFileReference; explicitFileType = wrapper.cfbundle; includeInIndex = 0; path = SwiftUIOnBoardingAnimationTests.xctest; sourceTree = BUILT_PRODUCTS_DIR; };
		FC3560C33014FD1C00A37D42 /* SwiftUIOnBoardingAnimationUITests.xctest */ = {isa = PBXFileReference; explicitFileType = wrapper.cfbundle; includeInIndex = 0; path = SwiftUIOnBoardingAnimationUITests.xctest; sourceTree = BUILT_PRODUCTS_DIR; };
/* End PBXFileReference section */

/* Begin PBXFileSystemSynchronizedRootGroup section */
		FC3560AE3014FD1B00A37D42 /* SwiftUIOnBoardingAnimation */ = {
			isa = PBXFileSystemSynchronizedRootGroup;
			path = SwiftUIOnBoardingAnimation;
			sourceTree = "<group>";
		};
		FC3560BC3014FD1C00A37D42 /* SwiftUIOnBoardingAnimationTests */ = {
			isa = PBXFileSystemSynchronizedRootGroup;
			path = SwiftUIOnBoardingAnimationTests;
			sourceTree = "<group>";
		};
		FC3560C63014FD1C00A37D42 /* SwiftUIOnBoardingAnimationUITests */ = {
			isa = PBXFileSystemSynchronizedRootGroup;
			path = SwiftUIOnBoardingAnimationUITests;
			sourceTree = "<group>";
		};
/* End PBXFileSystemSynchronizedRootGroup section */

/* Begin PBXFrameworksBuildPhase section */
		FC3560A93014FD1B00A37D42 /* Frameworks */ = {
			isa = PBXFrameworksBuildPhase;
			buildActionMask = 2147483647;
			files = (
			);
			runOnlyForDeploymentPostprocessing = 0;
		};
		FC3560B63014FD1C00A37D42 /* Frameworks */ = {
			isa = PBXFrameworksBuildPhase;
			buildActionMask = 2147483647;
			files = (
			);
			runOnlyForDeploymentPostprocessing = 0;
		};
		FC3560C03014FD1C00A37D42 /* Frameworks */ = {
			isa = PBXFrameworksBuildPhase;
			buildActionMask = 2147483647;
			files = (
			);
			runOnlyForDeploymentPostprocessing = 0;
		};
/* End PBXFrameworksBuildPhase section */

/* Begin PBXGroup section */
		FC3560A33014FD1B00A37D42 = {
			isa = PBXGroup;
			children = (
				FC3560AE3014FD1B00A37D42 /* SwiftUIOnBoardingAnimation */,
				FC3560BC3014FD1C00A37D42 /* SwiftUIOnBoardingAnimationTests */,
				FC3560C63014FD1C00A37D42 /* SwiftUIOnBoardingAnimationUITests */,
				FC3560AD3014FD1B00A37D42 /* Products */,
			);
			sourceTree = "<group>";
		};
		FC3560AD3014FD1B00A37D42 /* Products */ = {
			isa = PBXGroup;
			children = (
				FC3560AC3014FD1B00A37D42 /* SwiftUIOnBoardingAnimation.app */,
				FC3560B93014FD1C00A37D42 /* SwiftUIOnBoardingAnimationTests.xctest */,
				FC3560C33014FD1C00A37D42 /* SwiftUIOnBoardingAnimationUITests.xctest */,
			);
			name = Products;
			sourceTree = "<group>";
		};
/* End PBXGroup section */

/* Begin PBXNativeTarget section */
		FC3560AB3014FD1B00A37D42 /* SwiftUIOnBoardingAnimation */ = {
			isa = PBXNativeTarget;
			buildConfigurationList = FC3560CD3014FD1C00A37D42 /* Build configuration list for PBXNativeTarget "SwiftUIOnBoardingAnimation" */;
			buildPhases = (
				FC3560A83014FD1B00A37D42 /* Sources */,
				FC3560A93014FD1B00A37D42 /* Frameworks */,
				FC3560AA3014FD1B00A37D42 /* Resources */,
			);
			buildRules = (
			);
			dependencies = (
			);
			fileSystemSynchronizedGroups = (
				FC3560AE3014FD1B00A37D42 /* SwiftUIOnBoardingAnimation */,
			);
			name = SwiftUIOnBoardingAnimation;
			packageProductDependencies = (
			);
			productName = SwiftUIOnBoardingAnimation;
			productReference = FC3560AC3014FD1B00A37D42 /* SwiftUIOnBoardingAnimation.app */;
			productType = "com.apple.product-type.application";
		};
		FC3560B83014FD1C00A37D42 /* SwiftUIOnBoardingAnimationTests */ = {
			isa = PBXNativeTarget;
			buildConfigurationList = FC3560D03014FD1C00A37D42 /* Build configuration list for PBXNativeTarget "SwiftUIOnBoardingAnimationTests" */;
			buildPhases = (
				FC3560B53014FD1C00A37D42 /* Sources */,
				FC3560B63014FD1C00A37D42 /* Frameworks */,
				FC3560B73014FD1C00A37D42 /* Resources */,
			);
			buildRules = (
			);
			dependencies = (
				FC3560BB3014FD1C00A37D42 /* PBXTargetDependency */,
			);
			fileSystemSynchronizedGroups = (
				FC3560BC3014FD1C00A37D42 /* SwiftUIOnBoardingAnimationTests */,
			);
			name = SwiftUIOnBoardingAnimationTests;
			packageProductDependencies = (
			);
			productName = SwiftUIOnBoardingAnimationTests;
			productReference = FC3560B93014FD1C00A37D42 /* SwiftUIOnBoardingAnimationTests.xctest */;
			productType = "com.apple.product-type.bundle.unit-test";
		};
		FC3560C23014FD1C00A37D42 /* SwiftUIOnBoardingAnimationUITests */ = {
			isa = PBXNativeTarget;
			buildConfigurationList = FC3560D33014FD1C00A37D42 /* Build configuration list for PBXNativeTarget "SwiftUIOnBoardingAnimationUITests" */;
			buildPhases = (
				FC3560BF3014FD1C00A37D42 /* Sources */,
				FC3560C03014FD1C00A37D42 /* Frameworks */,
				FC3560C13014FD1C00A37D42 /* Resources */,
			);
			buildRules = (
			);
			dependencies = (
				FC3560C53014FD1C00A37D42 /* PBXTargetDependency */,
			);
			fileSystemSynchronizedGroups = (
				FC3560C63014FD1C00A37D42 /* SwiftUIOnBoardingAnimationUITests */,
			);
			name = SwiftUIOnBoardingAnimationUITests;
			packageProductDependencies = (
			);
			productName = SwiftUIOnBoardingAnimationUITests;
			productReference = FC3560C33014FD1C00A37D42 /* SwiftUIOnBoardingAnimationUITests.xctest */;
			productType = "com.apple.product-type.bundle.ui-testing";
		};
/* End PBXNativeTarget section */

/* Begin PBXProject section */
		FC3560A43014FD1B00A37D42 /* Project object */ = {
			isa = PBXProject;
			attributes = {
				BuildIndependentTargetsInParallel = 1;
				LastSwiftUpdateCheck = 2660;
				LastUpgradeCheck = 2660;
				TargetAttributes = {
					FC3560AB3014FD1B00A37D42 = {
						CreatedOnToolsVersion = 26.6;
					};
					FC3560B83014FD1C00A37D42 = {
						CreatedOnToolsVersion = 26.6;
						TestTargetID = FC3560AB3014FD1B00A37D42;
					};
					FC3560C23014FD1C00A37D42 = {
						CreatedOnToolsVersion = 26.6;
						TestTargetID = FC3560AB3014FD1B00A37D42;
					};
				};
			};
			buildConfigurationList = FC3560A73014FD1B00A37D42 /* Build configuration list for PBXProject "SwiftUIOnBoardingAnimation" */;
			developmentRegion = en;
			hasScannedForEncodings = 0;
			knownRegions = (
				en,
				Base,
			);
			mainGroup = FC3560A33014FD1B00A37D42;
			minimizedProjectReferenceProxies = 1;
			preferredProjectObjectVersion = 77;
			productRefGroup = FC3560AD3014FD1B00A37D42 /* Products */;
			projectDirPath = "";
			projectRoot = "";
			targets = (
				FC3560AB3014FD1B00A37D42 /* SwiftUIOnBoardingAnimation */,
				FC3560B83014FD1C00A37D42 /* SwiftUIOnBoardingAnimationTests */,
				FC3560C23014FD1C00A37D42 /* SwiftUIOnBoardingAnimationUITests */,
			);
		};
/* End PBXProject section */

/* Begin PBXResourcesBuildPhase section */
		FC3560AA3014FD1B00A37D42 /* Resources */ = {
			isa = PBXResourcesBuildPhase;
			buildActionMask = 2147483647;
			files = (
			);
			runOnlyForDeploymentPostprocessing = 0;
		};
		FC3560B73014FD1C00A37D42 /* Resources */ = {
			isa = PBXResourcesBuildPhase;
			buildActionMask = 2147483647;
			files = (
			);
			runOnlyForDeploymentPostprocessing = 0;
		};
		FC3560C13014FD1C00A37D42 /* Resources */ = {
			isa = PBXResourcesBuildPhase;
			buildActionMask = 2147483647;
			files = (
			);
			runOnlyForDeploymentPostprocessing = 0;
		};
/* End PBXResourcesBuildPhase section */

/* Begin PBXSourcesBuildPhase section */
		FC3560A83014FD1B00A37D42 /* Sources */ = {
			isa = PBXSourcesBuildPhase;
			buildActionMask = 2147483647;
			files = (
			);
			runOnlyForDeploymentPostprocessing = 0;
		};
		FC3560B53014FD1C00A37D42 /* Sources */ = {
			isa = PBXSourcesBuildPhase;
			buildActionMask = 2147483647;
			files = (
			);
			runOnlyForDeploymentPostprocessing = 0;
		};
		FC3560BF3014FD1C00A37D42 /* Sources */ = {
			isa = PBXSourcesBuildPhase;
			buildActionMask = 2147483647;
			files = (
			);
			runOnlyForDeploymentPostprocessing = 0;
		};
/* End PBXSourcesBuildPhase section */

/* Begin PBXTargetDependency section */
		FC3560BB3014FD1C00A37D42 /* PBXTargetDependency */ = {
			isa = PBXTargetDependency;
			target = FC3560AB3014FD1B00A37D42 /* SwiftUIOnBoardingAnimation */;
			targetProxy = FC3560BA3014FD1C00A37D42 /* PBXContainerItemProxy */;
		};
		FC3560C53014FD1C00A37D42 /* PBXTargetDependency */ = {
			isa = PBXTargetDependency;
			target = FC3560AB3014FD1B00A37D42 /* SwiftUIOnBoardingAnimation */;
			targetProxy = FC3560C43014FD1C00A37D42 /* PBXContainerItemProxy */;
		};
/* End PBXTargetDependency section */

/* Begin XCBuildConfiguration section */
		FC3560CB3014FD1C00A37D42 /* Debug */ = {
			isa = XCBuildConfiguration;
			buildSettings = {
				ALWAYS_SEARCH_USER_PATHS = NO;
				ASSETCATALOG_COMPILER_GENERATE_SWIFT_ASSET_SYMBOL_EXTENSIONS = YES;
				CLANG_ANALYZER_NONNULL = YES;
				CLANG_ANALYZER_NUMBER_OBJECT_CONVERSION = YES_AGGRESSIVE;
				CLANG_CXX_LANGUAGE_STANDARD = "gnu++20";
				CLANG_ENABLE_MODULES = YES;
				CLANG_ENABLE_OBJC_ARC = YES;
				CLANG_ENABLE_OBJC_WEAK = YES;
				CLANG_WARN_BLOCK_CAPTURE_AUTORELEASING = YES;
				CLANG_WARN_BOOL_CONVERSION = YES;
				CLANG_WARN_COMMA = YES;
				CLANG_WARN_CONSTANT_CONVERSION = YES;
				CLANG_WARN_DEPRECATED_OBJC_IMPLEMENTATIONS = YES;
				CLANG_WARN_DIRECT_OBJC_ISA_USAGE = YES_ERROR;
				CLANG_WARN_DOCUMENTATION_COMMENTS = YES;
				CLANG_WARN_EMPTY_BODY = YES;
				CLANG_WARN_ENUM_CONVERSION = YES;
				CLANG_WARN_INFINITE_RECURSION = YES;
				CLANG_WARN_INT_CONVERSION = YES;
				CLANG_WARN_NON_LITERAL_NULL_CONVERSION = YES;
				CLANG_WARN_OBJC_IMPLICIT_RETAIN_SELF = YES;
				CLANG_WARN_OBJC_LITERAL_CONVERSION = YES;
				CLANG_WARN_OBJC_ROOT_CLASS = YES_ERROR;
				CLANG_WARN_QUOTED_INCLUDE_IN_FRAMEWORK_HEADER = YES;
				CLANG_WARN_RANGE_LOOP_ANALYSIS = YES;
				CLANG_WARN_STRICT_PROTOTYPES = YES;
				CLANG_WARN_SUSPICIOUS_MOVE = YES;
				CLANG_WARN_UNGUARDED_AVAILABILITY = YES_AGGRESSIVE;
				CLANG_WARN_UNREACHABLE_CODE = YES;
				CLANG_WARN__DUPLICATE_METHOD_MATCH = YES;
				COPY_PHASE_STRIP = NO;
				DEBUG_INFORMATION_FORMAT = dwarf;
				ENABLE_STRICT_OBJC_MSGSEND = YES;
				ENABLE_TESTABILITY = YES;
				ENABLE_USER_SCRIPT_SANDBOXING = YES;
				GCC_C_LANGUAGE_STANDARD = gnu17;
				GCC_DYNAMIC_NO_PIC = NO;
				GCC_NO_COMMON_BLOCKS = YES;
				GCC_OPTIMIZATION_LEVEL = 0;
				GCC_PREPROCESSOR_DEFINITIONS = (
					"DEBUG=1",
					"$(inherited)",
				);
				GCC_WARN_64_TO_32_BIT_CONVERSION = YES;
				GCC_WARN_ABOUT_RETURN_TYPE = YES_ERROR;
				GCC_WARN_UNDECLARED_SELECTOR = YES;
				GCC_WARN_UNINITIALIZED_AUTOS = YES_AGGRESSIVE;
				GCC_WARN_UNUSED_FUNCTION = YES;
				GCC_WARN_UNUSED_VARIABLE = YES;
				IPHONEOS_DEPLOYMENT_TARGET = 26.5;
				LOCALIZATION_PREFERS_STRING_CATALOGS = YES;
				MTL_ENABLE_DEBUG_INFO = INCLUDE_SOURCE;
				MTL_FAST_MATH = YES;
				ONLY_ACTIVE_ARCH = YES;
				SDKROOT = iphoneos;
				SWIFT_ACTIVE_COMPILATION_CONDITIONS = "DEBUG $(inherited)";
				SWIFT_OPTIMIZATION_LEVEL = "-Onone";
			};
			name = Debug;
		};
		FC3560CC3014FD1C00A37D42 /* Release */ = {
			isa = XCBuildConfiguration;
			buildSettings = {
				ALWAYS_SEARCH_USER_PATHS = NO;
				ASSETCATALOG_COMPILER_GENERATE_SWIFT_ASSET_SYMBOL_EXTENSIONS = YES;
				CLANG_ANALYZER_NONNULL = YES;
				CLANG_ANALYZER_NUMBER_OBJECT_CONVERSION = YES_AGGRESSIVE;
				CLANG_CXX_LANGUAGE_STANDARD = "gnu++20";
				CLANG_ENABLE_MODULES = YES;
				CLANG_ENABLE_OBJC_ARC = YES;
				CLANG_ENABLE_OBJC_WEAK = YES;
				CLANG_WARN_BLOCK_CAPTURE_AUTORELEASING = YES;
				CLANG_WARN_BOOL_CONVERSION = YES;
				CLANG_WARN_COMMA = YES;
				CLANG_WARN_CONSTANT_CONVERSION = YES;
				CLANG_WARN_DEPRECATED_OBJC_IMPLEMENTATIONS = YES;
				CLANG_WARN_DIRECT_OBJC_ISA_USAGE = YES_ERROR;
				CLANG_WARN_DOCUMENTATION_COMMENTS = YES;
				CLANG_WARN_EMPTY_BODY = YES;
				CLANG_WARN_ENUM_CONVERSION = YES;
				CLANG_WARN_INFINITE_RECURSION = YES;
				CLANG_WARN_INT_CONVERSION = YES;
				CLANG_WARN_NON_LITERAL_NULL_CONVERSION = YES;
				CLANG_WARN_OBJC_IMPLICIT_RETAIN_SELF = YES;
				CLANG_WARN_OBJC_LITERAL_CONVERSION = YES;
				CLANG_WARN_OBJC_ROOT_CLASS = YES_ERROR;
				CLANG_WARN_QUOTED_INCLUDE_IN_FRAMEWORK_HEADER = YES;
				CLANG_WARN_RANGE_LOOP_ANALYSIS = YES;
				CLANG_WARN_STRICT_PROTOTYPES = YES;
				CLANG_WARN_SUSPICIOUS_MOVE = YES;
				CLANG_WARN_UNGUARDED_AVAILABILITY = YES_AGGRESSIVE;
				CLANG_WARN_UNREACHABLE_CODE = YES;
				CLANG_WARN__DUPLICATE_METHOD_MATCH = YES;
				COPY_PHASE_STRIP = NO;
				DEBUG_INFORMATION_FORMAT = "dwarf-with-dsym";
				ENABLE_NS_ASSERTIONS = NO;
				ENABLE_STRICT_OBJC_MSGSEND = YES;
				ENABLE_USER_SCRIPT_SANDBOXING = YES;
				GCC_C_LANGUAGE_STANDARD = gnu17;
				GCC_NO_COMMON_BLOCKS = YES;
				GCC_WARN_64_TO_32_BIT_CONVERSION = YES;
				GCC_WARN_ABOUT_RETURN_TYPE = YES_ERROR;
				GCC_WARN_UNDECLARED_SELECTOR = YES;
				GCC_WARN_UNINITIALIZED_AUTOS = YES_AGGRESSIVE;
				GCC_WARN_UNUSED_FUNCTION = YES;
				GCC_WARN_UNUSED_VARIABLE = YES;
				IPHONEOS_DEPLOYMENT_TARGET = 26.5;
				LOCALIZATION_PREFERS_STRING_CATALOGS = YES;
				MTL_ENABLE_DEBUG_INFO = NO;
				MTL_FAST_MATH = YES;
				SDKROOT = iphoneos;
				SWIFT_COMPILATION_MODE = wholemodule;
				VALIDATE_PRODUCT = YES;
			};
			name = Release;
		};
		FC3560CE3014FD1C00A37D42 /* Debug */ = {
			isa = XCBuildConfiguration;
			buildSettings = {
				ASSETCATALOG_COMPILER_APPICON_NAME = AppIcon;
				ASSETCATALOG_COMPILER_GLOBAL_ACCENT_COLOR_NAME = AccentColor;
				CODE_SIGN_STYLE = Automatic;
				CURRENT_PROJECT_VERSION = 1;
				ENABLE_PREVIEWS = YES;
				GENERATE_INFOPLIST_FILE = YES;
				INFOPLIST_KEY_UIApplicationSceneManifest_Generation = YES;
				INFOPLIST_KEY_UIApplicationSupportsIndirectInputEvents = YES;
				INFOPLIST_KEY_UILaunchScreen_Generation = YES;
				INFOPLIST_KEY_UISupportedInterfaceOrientations_iPad = "UIInterfaceOrientationPortrait UIInterfaceOrientationPortraitUpsideDown UIInterfaceOrientationLandscapeLeft UIInterfaceOrientationLandscapeRight";
				INFOPLIST_KEY_UISupportedInterfaceOrientations_iPhone = "UIInterfaceOrientationPortrait UIInterfaceOrientationLandscapeLeft UIInterfaceOrientationLandscapeRight";
				LD_RUNPATH_SEARCH_PATHS = (
					"$(inherited)",
					"@executable_path/Frameworks",
				);
				MARKETING_VERSION = 1.0;
				PRODUCT_BUNDLE_IDENTIFIER = com.SwiftUIOnBoardingAnimation;
				PRODUCT_NAME = "$(TARGET_NAME)";
				STRING_CATALOG_GENERATE_SYMBOLS = YES;
				SWIFT_APPROACHABLE_CONCURRENCY = YES;
				SWIFT_DEFAULT_ACTOR_ISOLATION = MainActor;
				SWIFT_EMIT_LOC_STRINGS = YES;
				SWIFT_UPCOMING_FEATURE_MEMBER_IMPORT_VISIBILITY = YES;
				SWIFT_VERSION = 5.0;
				TARGETED_DEVICE_FAMILY = "1,2";
			};
			name = Debug;
		};
		FC3560CF3014FD1C00A37D42 /* Release */ = {
			isa = XCBuildConfiguration;
			buildSettings = {
				ASSETCATALOG_COMPILER_APPICON_NAME = AppIcon;
				ASSETCATALOG_COMPILER_GLOBAL_ACCENT_COLOR_NAME = AccentColor;
				CODE_SIGN_STYLE = Automatic;
				CURRENT_PROJECT_VERSION = 1;
				ENABLE_PREVIEWS = YES;
				GENERATE_INFOPLIST_FILE = YES;
				INFOPLIST_KEY_UIApplicationSceneManifest_Generation = YES;
				INFOPLIST_KEY_UIApplicationSupportsIndirectInputEvents = YES;
				INFOPLIST_KEY_UILaunchScreen_Generation = YES;
				INFOPLIST_KEY_UISupportedInterfaceOrientations_iPad = "UIInterfaceOrientationPortrait UIInterfaceOrientationPortraitUpsideDown UIInterfaceOrientationLandscapeLeft UIInterfaceOrientationLandscapeRight";
				INFOPLIST_KEY_UISupportedInterfaceOrientations_iPhone = "UIInterfaceOrientationPortrait UIInterfaceOrientationLandscapeLeft UIInterfaceOrientationLandscapeRight";
				LD_RUNPATH_SEARCH_PATHS = (
					"$(inherited)",
					"@executable_path/Frameworks",
				);
				MARKETING_VERSION = 1.0;
				PRODUCT_BUNDLE_IDENTIFIER = com.SwiftUIOnBoardingAnimation;
				PRODUCT_NAME = "$(TARGET_NAME)";
				STRING_CATALOG_GENERATE_SYMBOLS = YES;
				SWIFT_APPROACHABLE_CONCURRENCY = YES;
				SWIFT_DEFAULT_ACTOR_ISOLATION = MainActor;
				SWIFT_EMIT_LOC_STRINGS = YES;
				SWIFT_UPCOMING_FEATURE_MEMBER_IMPORT_VISIBILITY = YES;
				SWIFT_VERSION = 5.0;
				TARGETED_DEVICE_FAMILY = "1,2";
			};
			name = Release;
		};
		FC3560D13014FD1C00A37D42 /* Debug */ = {
			isa = XCBuildConfiguration;
			buildSettings = {
				BUNDLE_LOADER = "$(TEST_HOST)";
				CODE_SIGN_STYLE = Automatic;
				CURRENT_PROJECT_VERSION = 1;
				GENERATE_INFOPLIST_FILE = YES;
				IPHONEOS_DEPLOYMENT_TARGET = 26.5;
				MARKETING_VERSION = 1.0;
				PRODUCT_BUNDLE_IDENTIFIER = com.SwiftUIOnBoardingAnimationTests;
				PRODUCT_NAME = "$(TARGET_NAME)";
				STRING_CATALOG_GENERATE_SYMBOLS = NO;
				SWIFT_APPROACHABLE_CONCURRENCY = YES;
				SWIFT_EMIT_LOC_STRINGS = NO;
				SWIFT_UPCOMING_FEATURE_MEMBER_IMPORT_VISIBILITY = YES;
				SWIFT_VERSION = 5.0;
				TARGETED_DEVICE_FAMILY = "1,2";
				TEST_HOST = "$(BUILT_PRODUCTS_DIR)/SwiftUIOnBoardingAnimation.app/$(BUNDLE_EXECUTABLE_FOLDER_PATH)/SwiftUIOnBoardingAnimation";
			};
			name = Debug;
		};
		FC3560D23014FD1C00A37D42 /* Release */ = {
			isa = XCBuildConfiguration;
			buildSettings = {
				BUNDLE_LOADER = "$(TEST_HOST)";
				CODE_SIGN_STYLE = Automatic;
				CURRENT_PROJECT_VERSION = 1;
				GENERATE_INFOPLIST_FILE = YES;
				IPHONEOS_DEPLOYMENT_TARGET = 26.5;
				MARKETING_VERSION = 1.0;
				PRODUCT_BUNDLE_IDENTIFIER = com.SwiftUIOnBoardingAnimationTests;
				PRODUCT_NAME = "$(TARGET_NAME)";
				STRING_CATALOG_GENERATE_SYMBOLS = NO;
				SWIFT_APPROACHABLE_CONCURRENCY = YES;
				SWIFT_EMIT_LOC_STRINGS = NO;
				SWIFT_UPCOMING_FEATURE_MEMBER_IMPORT_VISIBILITY = YES;
				SWIFT_VERSION = 5.0;
				TARGETED_DEVICE_FAMILY = "1,2";
				TEST_HOST = "$(BUILT_PRODUCTS_DIR)/SwiftUIOnBoardingAnimation.app/$(BUNDLE_EXECUTABLE_FOLDER_PATH)/SwiftUIOnBoardingAnimation";
			};
			name = Release;
		};
		FC3560D43014FD1C00A37D42 /* Debug */ = {
			isa = XCBuildConfiguration;
			buildSettings = {
				CODE_SIGN_STYLE = Automatic;
				CURRENT_PROJECT_VERSION = 1;
				GENERATE_INFOPLIST_FILE = YES;
				MARKETING_VERSION = 1.0;
				PRODUCT_BUNDLE_IDENTIFIER = com.SwiftUIOnBoardingAnimationUITests;
				PRODUCT_NAME = "$(TARGET_NAME)";
				STRING_CATALOG_GENERATE_SYMBOLS = NO;
				SWIFT_APPROACHABLE_CONCURRENCY = YES;
				SWIFT_EMIT_LOC_STRINGS = NO;
				SWIFT_UPCOMING_FEATURE_MEMBER_IMPORT_VISIBILITY = YES;
				SWIFT_VERSION = 5.0;
				TARGETED_DEVICE_FAMILY = "1,2";
				TEST_TARGET_NAME = SwiftUIOnBoardingAnimation;
			};
			name = Debug;
		};
		FC3560D53014FD1C00A37D42 /* Release */ = {
			isa = XCBuildConfiguration;
			buildSettings = {
				CODE_SIGN_STYLE = Automatic;
				CURRENT_PROJECT_VERSION = 1;
				GENERATE_INFOPLIST_FILE = YES;
				MARKETING_VERSION = 1.0;
				PRODUCT_BUNDLE_IDENTIFIER = com.SwiftUIOnBoardingAnimationUITests;
				PRODUCT_NAME = "$(TARGET_NAME)";
				STRING_CATALOG_GENERATE_SYMBOLS = NO;
				SWIFT_APPROACHABLE_CONCURRENCY = YES;
				SWIFT_EMIT_LOC_STRINGS = NO;
				SWIFT_UPCOMING_FEATURE_MEMBER_IMPORT_VISIBILITY = YES;
				SWIFT_VERSION = 5.0;
				TARGETED_DEVICE_FAMILY = "1,2";
				TEST_TARGET_NAME = SwiftUIOnBoardingAnimation;
			};
			name = Release;
		};
/* End XCBuildConfiguration section */

/* Begin XCConfigurationList section */
		FC3560A73014FD1B00A37D42 /* Build configuration list for PBXProject "SwiftUIOnBoardingAnimation" */ = {
			isa = XCConfigurationList;
			buildConfigurations = (
				FC3560CB3014FD1C00A37D42 /* Debug */,
				FC3560CC3014FD1C00A37D42 /* Release */,
			);
			defaultConfigurationIsVisible = 0;
			defaultConfigurationName = Release;
		};
		FC3560CD3014FD1C00A37D42 /* Build configuration list for PBXNativeTarget "SwiftUIOnBoardingAnimation" */ = {
			isa = XCConfigurationList;
			buildConfigurations = (
				FC3560CE3014FD1C00A37D42 /* Debug */,
				FC3560CF3014FD1C00A37D42 /* Release */,
			);
			defaultConfigurationIsVisible = 0;
			defaultConfigurationName = Release;
		};
		FC3560D03014FD1C00A37D42 /* Build configuration list for PBXNativeTarget "SwiftUIOnBoardingAnimationTests" */ = {
			isa = XCConfigurationList;
			buildConfigurations = (
				FC3560D13014FD1C00A37D42 /* Debug */,
				FC3560D23014FD1C00A37D42 /* Release */,
			);
			defaultConfigurationIsVisible = 0;
			defaultConfigurationName = Release;
		};
		FC3560D33014FD1C00A37D42 /* Build configuration list for PBXNativeTarget "SwiftUIOnBoardingAnimationUITests" */ = {
			isa = XCConfigurationList;
			buildConfigurations = (
				FC3560D43014FD1C00A37D42 /* Debug */,
				FC3560D53014FD1C00A37D42 /* Release */,
			);
			defaultConfigurationIsVisible = 0;
			defaultConfigurationName = Release;
		};
/* End XCConfigurationList section */
	};
	rootObject = FC3560A43014FD1B00A37D42 /* Project object */;
}
